
Microsoft Visual Studio Solution File, Format Version 12.00
# Visual Studio Version 17
VisualStudioVersion = 17.0.32014.148
MinimumVisualStudioVersion = 10.0.40219.1
Project("{9A19103F-16F7-4668-BE54-9A1E7A4F7556}") = "MqttServer", "MqttServer.csproj", "{9FFBE57D-5A01-400D-A79D-D2C6182A9BBB}"
EndProject
Project("{9A19103F-16F7-4668-BE54-9A1E7A4F7556}") = "MqttClient", "..\MqttSubsciber\MqttClient.csproj", "{8E28E4C1-BA96-4168-98CC-F2A3D81119A0}"
EndProject
Global
	GlobalSection(SolutionConfigurationPlatforms) = preSolution
		Debug|Any CPU = Debug|Any CPU
		Release|Any CPU = Release|Any CPU
	EndGlobalSection
	GlobalSection(ProjectConfigurationPlatforms) = postSolution
		{9FFBE57D-5A01-400D-A79D-D2C6182A9BBB}.Debug|Any CPU.ActiveCfg = Debug|Any CPU
		{9FFBE57D-5A01-400D-A79D-D2C6182A9BBB}.Debug|Any CPU.Build.0 = Debug|Any CPU
		{9FFBE57D-5A01-400D-A79D-D2C6182A9BBB}.Release|Any CPU.ActiveCfg = Release|Any CPU
		{9FFBE57D-5A01-400D-A79D-D2C6182A9BBB}.Release|Any CPU.Build.0 = Release|Any CPU
		{8E28E4C1-BA96-4168-98CC-F2A3D81119A0}.Debug|Any CPU.ActiveCfg = Debug|Any CPU
		{8E28E4C1-BA96-4168-98CC-F2A3D81119A0}.Debug|Any CPU.Build.0 = Debug|Any CPU
		{8E28E4C1-BA96-4168-98CC-F2A3D81119A0}.Release|Any CPU.ActiveCfg = Release|Any CPU
		{8E28E4C1-BA96-4168-98CC-F2A3D81119A0}.Release|Any CPU.Build.0 = Release|Any CPU
	EndGlobalSection
	GlobalSection(SolutionProperties) = preSolution
		HideSolutionNode = FALSE
	EndGlobalSection
	GlobalSection(ExtensibilityGlobals) = postSolution
		SolutionGuid = {33EE6A48-85D4-4294-97A5-9B99B7AA2010}
	EndGlobalSection
EndGlobal
